// !$*UTF8*$!
{
	archiveVersion = 1;
	classes = {
	};
	objectVersion = 56;
	objects = {

/* Begin PBXBuildFile section */
		443C8DAD29BD4F6200132309 /* GiorgioCardApp.swift in Sources */ = {isa = PBXBuildFile; fileRef = 443C8DAC29BD4F6200132309 /* GiorgioCardApp.swift */; };
		443C8DAF29BD4F6200132309 /* ContentView.swift in Sources */ = {isa = PBXBuildFile; fileRef = 443C8DAE29BD4F6200132309 /* ContentView.swift */; };
		443C8DB129BD4F6300132309 /* Assets.xcassets in Resources */ = {isa = PBXBuildFile; fileRef = 443C8DB029BD4F6300132309 /* Assets.xcassets */; };
		443C8DB429BD4F6300132309 /* Preview Assets.xcassets in Resources */ = {isa = PBXBuildFile; fileRef = 443C8DB329BD4F6300132309 /* Preview Assets.xcassets */; };
		443C8DBC29BD50A500132309 /* WorkSans-Regular.ttf in Resources */ = {isa = PBXBuildFile; fileRef = 443C8DBB29BD50A500132309 /* WorkSans-Regular.ttf */; };
		443C8DBE29BD50C200132309 /* Storyboard.storyboard in Resources */ = {isa = PBXBuildFile; fileRef = 443C8DBD29BD50C200132309 /* Storyboard.storyboard */; };
		443C8DC129BD516300132309 /* WorkSans-Bold.ttf in Resources */ = {isa = PBXBuildFile; fileRef = 443C8DC029BD516300132309 /* WorkSans-Bold.ttf */; };
		443C8DC329BD75CB00132309 /* InfoView.swift in Sources */ = {isa = PBXBuildFile; fileRef = 443C8DC229BD75CB00132309 /* InfoView.swift */; };
/* End PBXBuildFile section */

/* Begin PBXFileReference section */
		443C8DA929BD4F6200132309 /* GiorgioCard.app */ = {isa = PBXFileReference; explicitFileType = wrapper.application; includeInIndex = 0; path = GiorgioCard.app; sourceTree = BUILT_PRODUCTS_DIR; };
		443C8DAC29BD4F6200132309 /* GiorgioCardApp.swift */ = {isa = PBXFileReference; lastKnownFileType = sourcecode.swift; path = GiorgioCardApp.swift; sourceTree = "<group>"; };
		443C8DAE29BD4F6200132309 /* ContentView.swift */ = {isa = PBXFileReference; lastKnownFileType = sourcecode.swift; path = ContentView.swift; sourceTree = "<group>"; };
		443C8DB029BD4F6300132309 /* Assets.xcassets */ = {isa = PBXFileReference; lastKnownFileType = folder.assetcatalog; path = Assets.xcassets; sourceTree = "<group>"; };
		443C8DB329BD4F6300132309 /* Preview Assets.xcassets */ = {isa = PBXFileReference; lastKnownFileType = folder.assetcatalog; path = "Preview Assets.xcassets"; sourceTree = "<group>"; };
		443C8DBB29BD50A500132309 /* WorkSans-Regular.ttf */ = {isa = PBXFileReference; lastKnownFileType = file; path = "WorkSans-Regular.ttf"; sourceTree = "<group>"; };
		443C8DBD29BD50C200132309 /* Storyboard.storyboard */ = {isa = PBXFileReference; lastKnownFileType = file.storyboard; path = Storyboard.storyboard; sourceTree = "<group>"; };
		443C8DBF29BD511100132309 /* Info.plist */ = {isa = PBXFileReference; lastKnownFileType = text.plist; path = Info.plist; sourceTree = "<group>"; };
		443C8DC029BD516300132309 /* WorkSans-Bold.ttf */ = {isa = PBXFileReference; lastKnownFileType = file; path = "WorkSans-Bold.ttf"; sourceTree = "<group>"; };
		443C8DC229BD75CB00132309 /* InfoView.swift */ = {isa = PBXFileReference; lastKnownFileType = sourcecode.swift; path = InfoView.swift; sourceTree = "<group>"; };
/* End PBXFileReference section */

/* Begin PBXFrameworksBuildPhase section */
		443C8DA629BD4F6200132309 /* Frameworks */ = {
			isa = PBXFrameworksBuildPhase;
			buildActionMask = 2147483647;
			files = (
			);
			runOnlyForDeploymentPostprocessing = 0;
		};
/* End PBXFrameworksBuildPhase section */

/* Begin PBXGroup section */
		443C8DA029BD4F6200132309 = {
			isa = PBXGroup;
			children = (
				443C8DAB29BD4F6200132309 /* GiorgioCard */,
				443C8DAA29BD4F6200132309 /* Products */,
			);
			sourceTree = "<group>";
		};
		443C8DAA29BD4F6200132309 /* Products */ = {
			isa = PBXGroup;
			children = (
				443C8DA929BD4F6200132309 /* GiorgioCard.app */,
			);
			name = Products;
			sourceTree = "<group>";
		};
		443C8DAB29BD4F6200132309 /* GiorgioCard */ = {
			isa = PBXGroup;
			children = (
				443C8DBF29BD511100132309 /* Info.plist */,
				443C8DBA29BD508E00132309 /* fonts */,
				443C8DAC29BD4F6200132309 /* GiorgioCardApp.swift */,
				443C8DAE29BD4F6200132309 /* ContentView.swift */,
				443C8DC229BD75CB00132309 /* InfoView.swift */,
				443C8DB029BD4F6300132309 /* Assets.xcassets */,
				443C8DB229BD4F6300132309 /* Preview Content */,
				443C8DBD29BD50C200132309 /* Storyboard.storyboard */,
			);
			path = GiorgioCard;
			sourceTree = "<group>";
		};
		443C8DB229BD4F6300132309 /* Preview Content */ = {
			isa = PBXGroup;
			children = (
				443C8DB329BD4F6300132309 /* Preview Assets.xcassets */,
			);
			path = "Preview Content";
			sourceTree = "<group>";
		};
		443C8DBA29BD508E00132309 /* fonts */ = {
			isa = PBXGroup;
			children = (
				443C8DC029BD516300132309 /* WorkSans-Bold.ttf */,
				443C8DBB29BD50A500132309 /* WorkSans-Regular.ttf */,
			);
			path = fonts;
			sourceTree = "<group>";
		};
/* End PBXGroup section */

/* Begin PBXNativeTarget section */
		443C8DA829BD4F6200132309 /* GiorgioCard */ = {
			isa = PBXNativeTarget;
			buildConfigurationList = 443C8DB729BD4F6300132309 /* Build configuration list for PBXNativeTarget "GiorgioCard" */;
			buildPhases = (
				443C8DA529BD4F6200132309 /* Sources */,
				443C8DA629BD4F6200132309 /* Frameworks */,
				443C8DA729BD4F6200132309 /* Resources */,
			);
			buildRules = (
			);
			dependencies = (
			);
			name = GiorgioCard;
			productName = GiorgioCard;
			productReference = 443C8DA929BD4F6200132309 /* GiorgioCard.app */;
			productType = "com.apple.product-type.application";
		};
/* End PBXNativeTarget section */

/* Begin PBXProject section */
		443C8DA129BD4F6200132309 /* Project object */ = {
			isa = PBXProject;
			attributes = {
				BuildIndependentTargetsInParallel = 1;
				LastSwiftUpdateCheck = 1420;
				LastUpgradeCheck = 1420;
				TargetAttributes = {
					443C8DA829BD4F6200132309 = {
						CreatedOnToolsVersion = 14.2;
					};
				};
			};
			buildConfigurationList = 443C8DA429BD4F6200132309 /* Build configuration list for PBXProject "GiorgioCard" */;
			compatibilityVersion = "Xcode 14.0";
			developmentRegion = en;
			hasScannedForEncodings = 0;
			knownRegions = (
				en,
				Base,
			);
			mainGroup = 443C8DA029BD4F6200132309;
			productRefGroup = 443C8DAA29BD4F6200132309 /* Products */;
			projectDirPath = "";
			projectRoot = "";
			targets = (
				443C8DA829BD4F6200132309 /* GiorgioCard */,
			);
		};
/* End PBXProject section */

/* Begin PBXResourcesBuildPhase section */
		443C8DA729BD4F6200132309 /* Resources */ = {
			isa = PBXResourcesBuildPhase;
			buildActionMask = 2147483647;
			files = (
				443C8DBC29BD50A500132309 /* WorkSans-Regular.ttf in Resources */,
				443C8DBE29BD50C200132309 /* Storyboard.storyboard in Resources */,
				443C8DB429BD4F6300132309 /* Preview Assets.xcassets in Resources */,
				443C8DB129BD4F6300132309 /* Assets.xcassets in Resources */,
				443C8DC129BD516300132309 /* WorkSans-Bold.ttf in Resources */,
			);
			runOnlyForDeploymentPostprocessing = 0;
		};
/* End PBXResourcesBuildPhase section */

/* Begin PBXSourcesBuildPhase section */
		443C8DA529BD4F6200132309 /* Sources */ = {
			isa = PBXSourcesBuildPhase;
			buildActionMask = 2147483647;
			files = (
				443C8DAF29BD4F6200132309 /* ContentView.swift in Sources */,
				443C8DC329BD75CB00132309 /* InfoView.swift in Sources */,
				443C8DAD29BD4F6200132309 /* GiorgioCardApp.swift in Sources */,
			);
			runOnlyForDeploymentPostprocessing = 0;
		};
/* End PBXSourcesBuildPhase section */

/* Begin XCBuildConfiguration section */
		443C8DB529BD4F6300132309 /* Debug */ = {
			isa = XCBuildConfiguration;
			buildSettings = {
				ALWAYS_SEARCH_USER_PATHS = NO;
				CLANG_ANALYZER_NONNULL = YES;
				CLANG_ANALYZER_NUMBER_OBJECT_CONVERSION = YES_AGGRESSIVE;
				CLANG_CXX_LANGUAGE_STANDARD = "gnu++20";
				CLANG_ENABLE_MODULES = YES;
				CLANG_ENABLE_OBJC_ARC = YES;
				CLANG_ENABLE_OBJC_WEAK = YES;
				CLANG_WARN_BLOCK_CAPTURE_AUTORELEASING = YES;
				CLANG_WARN_BOOL_CONVERSION = YES;
				CLANG_WARN_COMMA = YES;
				CLANG_WARN_CONSTANT_CONVERSION = YES;
				CLANG_WARN_DEPRECATED_OBJC_IMPLEMENTATIONS = YES;
				CLANG_WARN_DIRECT_OBJC_ISA_USAGE = YES_ERROR;
				CLANG_WARN_DOCUMENTATION_COMMENTS = YES;
				CLANG_WARN_EMPTY_BODY = YES;
				CLANG_WARN_ENUM_CONVERSION = YES;
				CLANG_WARN_INFINITE_RECURSION = YES;
				CLANG_WARN_INT_CONVERSION = YES;
				CLANG_WARN_NON_LITERAL_NULL_CONVERSION = YES;
				CLANG_WARN_OBJC_IMPLICIT_RETAIN_SELF = YES;
				CLANG_WARN_OBJC_LITERAL_CONVERSION = YES;
				CLANG_WARN_OBJC_ROOT_CLASS = YES_ERROR;
				CLANG_WARN_QUOTED_INCLUDE_IN_FRAMEWORK_HEADER = YES;
				CLANG_WARN_RANGE_LOOP_ANALYSIS = YES;
				CLANG_WARN_STRICT_PROTOTYPES = YES;
				CLANG_WARN_SUSPICIOUS_MOVE = YES;
				CLANG_WARN_UNGUARDED_AVAILABILITY = YES_AGGRESSIVE;
				CLANG_WARN_UNREACHABLE_CODE = YES;
				CLANG_WARN__DUPLICATE_METHOD_MATCH = YES;
				COPY_PHASE_STRIP = NO;
				DEBUG_INFORMATION_FORMAT = dwarf;
				ENABLE_STRICT_OBJC_MSGSEND = YES;
				ENABLE_TESTABILITY = YES;
				GCC_C_LANGUAGE_STANDARD = gnu11;
				GCC_DYNAMIC_NO_PIC = NO;
				GCC_NO_COMMON_BLOCKS = YES;
				GCC_OPTIMIZATION_LEVEL = 0;
				GCC_PREPROCESSOR_DEFINITIONS = (
					"DEBUG=1",
					"$(inherited)",
				);
				GCC_WARN_64_TO_32_BIT_CONVERSION = YES;
				GCC_WARN_ABOUT_RETURN_TYPE = YES_ERROR;
				GCC_WARN_UNDECLARED_SELECTOR = YES;
				GCC_WARN_UNINITIALIZED_AUTOS = YES_AGGRESSIVE;
				GCC_WARN_UNUSED_FUNCTION = YES;
				GCC_WARN_UNUSED_VARIABLE = YES;
				IPHONEOS_DEPLOYMENT_TARGET = 16.2;
				MTL_ENABLE_DEBUG_INFO = INCLUDE_SOURCE;
				MTL_FAST_MATH = YES;
				ONLY_ACTIVE_ARCH = YES;
				SDKROOT = iphoneos;
				SWIFT_ACTIVE_COMPILATION_CONDITIONS = DEBUG;
				SWIFT_OPTIMIZATION_LEVEL = "-Onone";
			};
			name = Debug;
		};
		443C8DB629BD4F6300132309 /* Release */ = {
			isa = XCBuildConfiguration;
			buildSettings = {
				ALWAYS_SEARCH_USER_PATHS = NO;
				CLANG_ANALYZER_NONNULL = YES;
				CLANG_ANALYZER_NUMBER_OBJECT_CONVERSION = YES_AGGRESSIVE;
				CLANG_CXX_LANGUAGE_STANDARD = "gnu++20";
				CLANG_ENABLE_MODULES = YES;
				CLANG_ENABLE_OBJC_ARC = YES;
				CLANG_ENABLE_OBJC_WEAK = YES;
				CLANG_WARN_BLOCK_CAPTURE_AUTORELEASING = YES;
				CLANG_WARN_BOOL_CONVERSION = YES;
				CLANG_WARN_COMMA = YES;
				CLANG_WARN_CONSTANT_CONVERSION = YES;
				CLANG_WARN_DEPRECATED_OBJC_IMPLEMENTATIONS = YES;
				CLANG_WARN_DIRECT_OBJC_ISA_USAGE = YES_ERROR;
				CLANG_WARN_DOCUMENTATION_COMMENTS = YES;
				CLANG_WARN_EMPTY_BODY = YES;
				CLANG_WARN_ENUM_CONVERSION = YES;
				CLANG_WARN_INFINITE_RECURSION = YES;
				CLANG_WARN_INT_CONVERSION = YES;
				CLANG_WARN_NON_LITERAL_NULL_CONVERSION = YES;
				CLANG_WARN_OBJC_IMPLICIT_RETAIN_SELF = YES;
				CLANG_WARN_OBJC_LITERAL_CONVERSION = YES;
				CLANG_WARN_OBJC_ROOT_CLASS = YES_ERROR;
				CLANG_WARN_QUOTED_INCLUDE_IN_FRAMEWORK_HEADER = YES;
				CLANG_WARN_RANGE_LOOP_ANALYSIS = YES;
				CLANG_WARN_STRICT_PROTOTYPES = YES;
				CLANG_WARN_SUSPICIOUS_MOVE = YES;
				CLANG_WARN_UNGUARDED_AVAILABILITY = YES_AGGRESSIVE;
				CLANG_WARN_UNREACHABLE_CODE = YES;
				CLANG_WARN__DUPLICATE_METHOD_MATCH = YES;
				COPY_PHASE_STRIP = NO;
				DEBUG_INFORMATION_FORMAT = "dwarf-with-dsym";
				ENABLE_NS_ASSERTIONS = NO;
				ENABLE_STRICT_OBJC_MSGSEND = YES;
				GCC_C_LANGUAGE_STANDARD = gnu11;
				GCC_NO_COMMON_BLOCKS = YES;
				GCC_WARN_64_TO_32_BIT_CONVERSION = YES;
				GCC_WARN_ABOUT_RETURN_TYPE = YES_ERROR;
				GCC_WARN_UNDECLARED_SELECTOR = YES;
				GCC_WARN_UNINITIALIZED_AUTOS = YES_AGGRESSIVE;
				GCC_WARN_UNUSED_FUNCTION = YES;
				GCC_WARN_UNUSED_VARIABLE = YES;
				IPHONEOS_DEPLOYMENT_TARGET = 16.2;
				MTL_ENABLE_DEBUG_INFO = NO;
				MTL_FAST_MATH = YES;
				SDKROOT = iphoneos;
				SWIFT_COMPILATION_MODE = wholemodule;
				SWIFT_OPTIMIZATION_LEVEL = "-O";
				VALIDATE_PRODUCT = YES;
			};
			name = Release;
		};
		443C8DB829BD4F6300132309 /* Debug */ = {
			isa = XCBuildConfiguration;
			buildSettings = {
				ASSETCATALOG_COMPILER_APPICON_NAME = AppIcon;
				ASSETCATALOG_COMPILER_GLOBAL_ACCENT_COLOR_NAME = AccentColor;
				CODE_SIGN_STYLE = Automatic;
				CURRENT_PROJECT_VERSION = 1;
				DEVELOPMENT_ASSET_PATHS = "\"GiorgioCard/Preview Content\"";
				DEVELOPMENT_TEAM = E24P6RF94S;
				ENABLE_PREVIEWS = YES;
				GENERATE_INFOPLIST_FILE = YES;
				INFOPLIST_FILE = GiorgioCard/Info.plist;
				INFOPLIST_KEY_UIApplicationSceneManifest_Generation = YES;
				INFOPLIST_KEY_UIApplicationSupportsIndirectInputEvents = YES;
				INFOPLIST_KEY_UILaunchScreen_Generation = YES;
				INFOPLIST_KEY_UISupportedInterfaceOrientations_iPad = "UIInterfaceOrientationPortrait UIInterfaceOrientationPortraitUpsideDown UIInterfaceOrientationLandscapeLeft UIInterfaceOrientationLandscapeRight";
				INFOPLIST_KEY_UISupportedInterfaceOrientations_iPhone = "UIInterfaceOrientationPortrait UIInterfaceOrientationLandscapeLeft UIInterfaceOrientationLandscapeRight";
				LD_RUNPATH_SEARCH_PATHS = (
					"$(inherited)",
					"@executable_path/Frameworks",
				);
				MARKETING_VERSION = 1.0;
				PRODUCT_BUNDLE_IDENTIFIER = com.giorgio.GiorgioCard;
				PRODUCT_NAME = "$(TARGET_NAME)";
				SWIFT_EMIT_LOC_STRINGS = YES;
				SWIFT_VERSION = 5.0;
				TARGETED_DEVICE_FAMILY = "1,2";
			};
			name = Debug;
		};
		443C8DB929BD4F6300132309 /* Release */ = {
			isa = XCBuildConfiguration;
			buildSettings = {
				ASSETCATALOG_COMPILER_APPICON_NAME = AppIcon;
				ASSETCATALOG_COMPILER_GLOBAL_ACCENT_COLOR_NAME = AccentColor;
				CODE_SIGN_STYLE = Automatic;
				CURRENT_PROJECT_VERSION = 1;
				DEVELOPMENT_ASSET_PATHS = "\"GiorgioCard/Preview Content\"";
				DEVELOPMENT_TEAM = E24P6RF94S;
				ENABLE_PREVIEWS = YES;
				GENERATE_INFOPLIST_FILE = YES;
				INFOPLIST_FILE = GiorgioCard/Info.plist;
				INFOPLIST_KEY_UIApplicationSceneManifest_Generation = YES;
				INFOPLIST_KEY_UIApplicationSupportsIndirectInputEvents = YES;
				INFOPLIST_KEY_UILaunchScreen_Generation = YES;
				INFOPLIST_KEY_UISupportedInterfaceOrientations_iPad = "UIInterfaceOrientationPortrait UIInterfaceOrientationPortraitUpsideDown UIInterfaceOrientationLandscapeLeft UIInterfaceOrientationLandscapeRight";
				INFOPLIST_KEY_UISupportedInterfaceOrientations_iPhone = "UIInterfaceOrientationPortrait UIInterfaceOrientationLandscapeLeft UIInterfaceOrientationLandscapeRight";
				LD_RUNPATH_SEARCH_PATHS = (
					"$(inherited)",
					"@executable_path/Frameworks",
				);
				MARKETING_VERSION = 1.0;
				PRODUCT_BUNDLE_IDENTIFIER = com.giorgio.GiorgioCard;
				PRODUCT_NAME = "$(TARGET_NAME)";
				SWIFT_EMIT_LOC_STRINGS = YES;
				SWIFT_VERSION = 5.0;
				TARGETED_DEVICE_FAMILY = "1,2";
			};
			name = Release;
		};
/* End XCBuildConfiguration section */

/* Begin XCConfigurationList section */
		443C8DA429BD4F6200132309 /* Build configuration list for PBXProject "GiorgioCard" */ = {
			isa = XCConfigurationList;
			buildConfigurations = (
				443C8DB529BD4F6300132309 /* Debug */,
				443C8DB629BD4F6300132309 /* Release */,
			);
			defaultConfigurationIsVisible = 0;
			defaultConfigurationName = Release;
		};
		443C8DB729BD4F6300132309 /* Build configuration list for PBXNativeTarget "GiorgioCard" */ = {
			isa = XCConfigurationList;
			buildConfigurations = (
				443C8DB829BD4F6300132309 /* Debug */,
				443C8DB929BD4F6300132309 /* Release */,
			);
			defaultConfigurationIsVisible = 0;
			defaultConfigurationName = Release;
		};
/* End XCConfigurationList section */
	};
	rootObject = 443C8DA129BD4F6200132309 /* Project object */;
}
